
Microsoft Visual Studio Solution File, Format Version 12.00
# Visual Studio 14
VisualStudioVersion = 14.0.25123.0
MinimumVisualStudioVersion = 10.0.40219.1
Project("{FAE04EC0-301F-11D3-BF4B-00C04F79EFBC}") = "ArticleProvider", "ArticleProvider\ArticleProvider.csproj", "{6DF8B9DF-962B-41F5-9C68-C5F8DDCACF78}"
EndProject
Project("{FAE04EC0-301F-11D3-BF4B-00C04F79EFBC}") = "ArticleProvider.Tests", "ArticleProvider.Tests\ArticleProvider.Tests.csproj", "{BBF5FCD7-D174-4315-B762-3177A8DCCDF1}"
EndProject
Global
	GlobalSection(SolutionConfigurationPlatforms) = preSolution
		Debug|Any CPU = Debug|Any CPU
		Release|Any CPU = Release|Any CPU
	EndGlobalSection
	GlobalSection(ProjectConfigurationPlatforms) = postSolution
		{6DF8B9DF-962B-41F5-9C68-C5F8DDCACF78}.Debug|Any CPU.ActiveCfg = Debug|Any CPU
		{6DF8B9DF-962B-41F5-9C68-C5F8DDCACF78}.Debug|Any CPU.Build.0 = Debug|Any CPU
		{6DF8B9DF-962B-41F5-9C68-C5F8DDCACF78}.Release|Any CPU.ActiveCfg = Release|Any CPU
		{6DF8B9DF-962B-41F5-9C68-C5F8DDCACF78}.Release|Any CPU.Build.0 = Release|Any CPU
		{BBF5FCD7-D174-4315-B762-3177A8DCCDF1}.Debug|Any CPU.ActiveCfg = Debug|Any CPU
		{BBF5FCD7-D174-4315-B762-3177A8DCCDF1}.Debug|Any CPU.Build.0 = Debug|Any CPU
		{BBF5FCD7-D174-4315-B762-3177A8DCCDF1}.Release|Any CPU.ActiveCfg = Release|Any CPU
		{BBF5FCD7-D174-4315-B762-3177A8DCCDF1}.Release|Any CPU.Build.0 = Release|Any CPU
	EndGlobalSection
	GlobalSection(SolutionProperties) = preSolution
		HideSolutionNode = FALSE
	EndGlobalSection
EndGlobal
